{
    "_meta": {
        "hash": {
            "sha256": "69ba32b864f4247b8f7ae826bafc1e93cb669558ab645934c5bbcde3781d888a"
        },
        "pipfile-spec": 6,
        "requires": {
            "python_version": "3.10"
        },
        "sources": [
            {
                "name": "pypi",
                "url": "https://pypi.org/simple",
                "verify_ssl": true
            }
        ]
    },
    "default": {
        "plover-stroke": {
            "hashes": [
                "sha256:073859e46486665ba3874af1d8186de70ed1e57496d04008437da19d682ab005",
                "sha256:1591cea4f1f34726bce608dac3556038ebcd12d68d4756dd510d5fdad3a9f5ee",
                "sha256:22ca2ff6886fccaeb815bd3aa0c80e9e87d52fbe76a4ccc63cacfbc7528ca036",
                "sha256:2409674262d49cbb72f8e3a59ee835ec3315e02076aee839a48b024215a59458",
                "sha256:2b940fb8588650525df5900660cb18844e1c65004fb553abc3b06ba1852d11c3",
                "sha256:343caa77e439f6d5ad3397f209fa1fd3a8487d31b3a9010089f81ef477dabc16",
                "sha256:3b7f237ccb547dd3cf867b923b3d6bc3f44f9658f7cf6fce1409c31192a8c19a",
                "sha256:3c6386518d9314b3d3cffc1ed147d7d13fdde17253a5ed190bb26bc03e4423ed",
                "sha256:4d8463d2b57907b47c4df4d712a8b16ce060a2e991fe56dba6bd1e0b5e3b9624",
                "sha256:4ee249fdaa8694b6c28e5d4bd9c7b28512a932942a48a163aa06f897c02eeaef",
                "sha256:5cff9ed7f48dd7747a9ddf9be7f444f8fd8b21e508668061e2888374c57f52c9",
                "sha256:5d80793a12ba056f855a6a67ccd930dfaf2ef81c7eb3919ddc1b82fa45328be4",
                "sha256:5f85ac5270ffffdb778feb0d7a9ac3342a57c1791eda7eb7b66ddc5765eaedfc",
                "sha256:65694c52e46d3442a796e43cb95c0af8974db168e585d127fee0c3cb0ad8b06e",
                "sha256:870ee497d11e4658478fe0db60eb7eefdc6d337a3c1c18b1daec862319237f88",
                "sha256:8e42414333fa885b510dc8c8c44807f3f1d27702b8cba9ffecfab75762b71b34",
                "sha256:90eda24c91bc26ce4f8514d961849e06fa6901f75c17f6d442393c4bb3bdc9c4",
                "sha256:975d4848d70d59ad92310c16a1800b30fd6d8e63250be9a403a9abfc2c9f3e16",
                "sha256:a151af905a8db96596f6234545467fb5c71d9609691b8bbd69afa6ac06e6e8af",
                "sha256:a790ed97016ab5f5325d957c9a31038e08115768db05bfd713ca7cca548dec0c",
                "sha256:aefdf57cf6bf4e70886a6cc560b8fee69f9641c99700817cf6a5bfa9ccfe5ea9",
                "sha256:b021c25722c85e971410b7bdc8fc7875b0b52d3fbe01df42fcc43edae89d5f86",
                "sha256:c4b928b5125c4d7524e4f2fab2012895506d94546d007105a063d33bb01f3cc5",
                "sha256:c7dfe995388184970271e2ee0f905b7dc3155b429e7a49b134ee66f997c37c18",
                "sha256:de03b23f4aee66b65f69f7d4ecc4233681b43541502d86bf14fde29eaa72d153",
                "sha256:f2b403de1e48634f163dabc49b6d3ee73a4886d6b2cab7a76ee40f44722f2c23"
            ],
            "index": "pypi",
            "version": "==1.1.0"
        }
    },
    "develop": {}
}
